// !$*UTF8*$!
{
	archiveVersion = 1;
	classes = {
	};
	objectVersion = 46;
	objects = {

/* Begin PBXBuildFile section */
		637530D01B97C55300926E5B /* main.m in Sources */ = {isa = PBXBuildFile; fileRef = 637530CF1B97C55300926E5B /* main.m */; };
		637530D31B97C55300926E5B /* AppDelegate.m in Sources */ = {isa = PBXBuildFile; fileRef = 637530D21B97C55300926E5B /* AppDelegate.m */; };
		637530D61B97C55300926E5B /* ViewController.m in Sources */ = {isa = PBXBuildFile; fileRef = 637530D51B97C55300926E5B /* ViewController.m */; };
		637530D91B97C55300926E5B /* Main.storyboard in Resources */ = {isa = PBXBuildFile; fileRef = 637530D71B97C55300926E5B /* Main.storyboard */; };
		637530DB1B97C55300926E5B /* Images.xcassets in Resources */ = {isa = PBXBuildFile; fileRef = 637530DA1B97C55300926E5B /* Images.xcassets */; };
		637530DE1B97C55300926E5B /* LaunchScreen.xib in Resources */ = {isa = PBXBuildFile; fileRef = 637530DC1B97C55300926E5B /* LaunchScreen.xib */; };
		637530EA1B97C55300926E5B /* AlcolatorTests.m in Sources */ = {isa = PBXBuildFile; fileRef = 637530E91B97C55300926E5B /* AlcolatorTests.m */; };
/* End PBXBuildFile section */

/* Begin PBXContainerItemProxy section */
		637530E41B97C55300926E5B /* PBXContainerItemProxy */ = {
			isa = PBXContainerItemProxy;
			containerPortal = 637530C21B97C55300926E5B /* Project object */;
			proxyType = 1;
			remoteGlobalIDString = 637530C91B97C55300926E5B;
			remoteInfo = Alcolator;
		};
/* End PBXContainerItemProxy section */

/* Begin PBXFileReference section */
		637530CA1B97C55300926E5B /* Alcolator.app */ = {isa = PBXFileReference; explicitFileType = wrapper.application; includeInIndex = 0; path = Alcolator.app; sourceTree = BUILT_PRODUCTS_DIR; };
		637530CE1B97C55300926E5B /* Info.plist */ = {isa = PBXFileReference; lastKnownFileType = text.plist.xml; path = Info.plist; sourceTree = "<group>"; };
		637530CF1B97C55300926E5B /* main.m */ = {isa = PBXFileReference; lastKnownFileType = sourcecode.c.objc; path = main.m; sourceTree = "<group>"; };
		637530D11B97C55300926E5B /* AppDelegate.h */ = {isa = PBXFileReference; lastKnownFileType = sourcecode.c.h; path = AppDelegate.h; sourceTree = "<group>"; };
		637530D21B97C55300926E5B /* AppDelegate.m */ = {isa = PBXFileReference; lastKnownFileType = sourcecode.c.objc; path = AppDelegate.m; sourceTree = "<group>"; };
		637530D41B97C55300926E5B /* ViewController.h */ = {isa = PBXFileReference; lastKnownFileType = sourcecode.c.h; path = ViewController.h; sourceTree = "<group>"; };
		637530D51B97C55300926E5B /* ViewController.m */ = {isa = PBXFileReference; lastKnownFileType = sourcecode.c.objc; path = ViewController.m; sourceTree = "<group>"; };
		637530D81B97C55300926E5B /* Base */ = {isa = PBXFileReference; lastKnownFileType = file.storyboard; name = Base; path = Base.lproj/Main.storyboard; sourceTree = "<group>"; };
		637530DA1B97C55300926E5B /* Images.xcassets */ = {isa = PBXFileReference; lastKnownFileType = folder.assetcatalog; path = Images.xcassets; sourceTree = "<group>"; };
		637530DD1B97C55300926E5B /* Base */ = {isa = PBXFileReference; lastKnownFileType = file.xib; name = Base; path = Base.lproj/LaunchScreen.xib; sourceTree = "<group>"; };
		637530E31B97C55300926E5B /* AlcolatorTests.xctest */ = {isa = PBXFileReference; explicitFileType = wrapper.cfbundle; includeInIndex = 0; path = AlcolatorTests.xctest; sourceTree = BUILT_PRODUCTS_DIR; };
		637530E81B97C55300926E5B /* Info.plist */ = {isa = PBXFileReference; lastKnownFileType = text.plist.xml; path = Info.plist; sourceTree = "<group>"; };
		637530E91B97C55300926E5B /* AlcolatorTests.m */ = {isa = PBXFileReference; lastKnownFileType = sourcecode.c.objc; path = AlcolatorTests.m; sourceTree = "<group>"; };
/* End PBXFileReference section */

/* Begin PBXFrameworksBuildPhase section */
		637530C71B97C55300926E5B /* Frameworks */ = {
			isa = PBXFrameworksBuildPhase;
			buildActionMask = 2147483647;
			files = (
			);
			runOnlyForDeploymentPostprocessing = 0;
		};
		637530E01B97C55300926E5B /* Frameworks */ = {
			isa = PBXFrameworksBuildPhase;
			buildActionMask = 2147483647;
			files = (
			);
			runOnlyForDeploymentPostprocessing = 0;
		};
/* End PBXFrameworksBuildPhase section */

/* Begin PBXGroup section */
		637530C11B97C55300926E5B = {
			isa = PBXGroup;
			children = (
				637530CC1B97C55300926E5B /* Alcolator */,
				637530E61B97C55300926E5B /* AlcolatorTests */,
				637530CB1B97C55300926E5B /* Products */,
			);
			sourceTree = "<group>";
		};
		637530CB1B97C55300926E5B /* Products */ = {
			isa = PBXGroup;
			children = (
				637530CA1B97C55300926E5B /* Alcolator.app */,
				637530E31B97C55300926E5B /* AlcolatorTests.xctest */,
			);
			name = Products;
			sourceTree = "<group>";
		};
		637530CC1B97C55300926E5B /* Alcolator */ = {
			isa = PBXGroup;
			children = (
				637530D11B97C55300926E5B /* AppDelegate.h */,
				637530D21B97C55300926E5B /* AppDelegate.m */,
				637530D41B97C55300926E5B /* ViewController.h */,
				637530D51B97C55300926E5B /* ViewController.m */,
				637530D71B97C55300926E5B /* Main.storyboard */,
				637530DA1B97C55300926E5B /* Images.xcassets */,
				637530DC1B97C55300926E5B /* LaunchScreen.xib */,
				637530CD1B97C55300926E5B /* Supporting Files */,
			);
			path = Alcolator;
			sourceTree = "<group>";
		};
		637530CD1B97C55300926E5B /* Supporting Files */ = {
			isa = PBXGroup;
			children = (
				637530CE1B97C55300926E5B /* Info.plist */,
				637530CF1B97C55300926E5B /* main.m */,
			);
			name = "Supporting Files";
			sourceTree = "<group>";
		};
		637530E61B97C55300926E5B /* AlcolatorTests */ = {
			isa = PBXGroup;
			children = (
				637530E91B97C55300926E5B /* AlcolatorTests.m */,
				637530E71B97C55300926E5B /* Supporting Files */,
			);
			path = AlcolatorTests;
			sourceTree = "<group>";
		};
		637530E71B97C55300926E5B /* Supporting Files */ = {
			isa = PBXGroup;
			children = (
				637530E81B97C55300926E5B /* Info.plist */,
			);
			name = "Supporting Files";
			sourceTree = "<group>";
		};
/* End PBXGroup section */

/* Begin PBXNativeTarget section */
		637530C91B97C55300926E5B /* Alcolator */ = {
			isa = PBXNativeTarget;
			buildConfigurationList = 637530ED1B97C55400926E5B /* Build configuration list for PBXNativeTarget "Alcolator" */;
			buildPhases = (
				637530C61B97C55300926E5B /* Sources */,
				637530C71B97C55300926E5B /* Frameworks */,
				637530C81B97C55300926E5B /* Resources */,
			);
			buildRules = (
			);
			dependencies = (
			);
			name = Alcolator;
			productName = Alcolator;
			productReference = 637530CA1B97C55300926E5B /* Alcolator.app */;
			productType = "com.apple.product-type.application";
		};
		637530E21B97C55300926E5B /* AlcolatorTests */ = {
			isa = PBXNativeTarget;
			buildConfigurationList = 637530F01B97C55400926E5B /* Build configuration list for PBXNativeTarget "AlcolatorTests" */;
			buildPhases = (
				637530DF1B97C55300926E5B /* Sources */,
				637530E01B97C55300926E5B /* Frameworks */,
				637530E11B97C55300926E5B /* Resources */,
			);
			buildRules = (
			);
			dependencies = (
				637530E51B97C55300926E5B /* PBXTargetDependency */,
			);
			name = AlcolatorTests;
			productName = AlcolatorTests;
			productReference = 637530E31B97C55300926E5B /* AlcolatorTests.xctest */;
			productType = "com.apple.product-type.bundle.unit-test";
		};
/* End PBXNativeTarget section */

/* Begin PBXProject section */
		637530C21B97C55300926E5B /* Project object */ = {
			isa = PBXProject;
			attributes = {
				LastUpgradeCheck = 0640;
				ORGANIZATIONNAME = Bloc;
				TargetAttributes = {
					637530C91B97C55300926E5B = {
						CreatedOnToolsVersion = 6.4;
					};
					637530E21B97C55300926E5B = {
						CreatedOnToolsVersion = 6.4;
						TestTargetID = 637530C91B97C55300926E5B;
					};
				};
			};
			buildConfigurationList = 637530C51B97C55300926E5B /* Build configuration list for PBXProject "Alcolator" */;
			compatibilityVersion = "Xcode 3.2";
			developmentRegion = English;
			hasScannedForEncodings = 0;
			knownRegions = (
				en,
				Base,
			);
			mainGroup = 637530C11B97C55300926E5B;
			productRefGroup = 637530CB1B97C55300926E5B /* Products */;
			projectDirPath = "";
			projectRoot = "";
			targets = (
				637530C91B97C55300926E5B /* Alcolator */,
				637530E21B97C55300926E5B /* AlcolatorTests */,
			);
		};
/* End PBXProject section */

/* Begin PBXResourcesBuildPhase section */
		637530C81B97C55300926E5B /* Resources */ = {
			isa = PBXResourcesBuildPhase;
			buildActionMask = 2147483647;
			files = (
				637530D91B97C55300926E5B /* Main.storyboard in Resources */,
				637530DE1B97C55300926E5B /* LaunchScreen.xib in Resources */,
				637530DB1B97C55300926E5B /* Images.xcassets in Resources */,
			);
			runOnlyForDeploymentPostprocessing = 0;
		};
		637530E11B97C55300926E5B /* Resources */ = {
			isa = PBXResourcesBuildPhase;
			buildActionMask = 2147483647;
			files = (
			);
			runOnlyForDeploymentPostprocessing = 0;
		};
/* End PBXResourcesBuildPhase section */

/* Begin PBXSourcesBuildPhase section */
		637530C61B97C55300926E5B /* Sources */ = {
			isa = PBXSourcesBuildPhase;
			buildActionMask = 2147483647;
			files = (
				637530D61B97C55300926E5B /* ViewController.m in Sources */,
				637530D31B97C55300926E5B /* AppDelegate.m in Sources */,
				637530D01B97C55300926E5B /* main.m in Sources */,
			);
			runOnlyForDeploymentPostprocessing = 0;
		};
		637530DF1B97C55300926E5B /* Sources */ = {
			isa = PBXSourcesBuildPhase;
			buildActionMask = 2147483647;
			files = (
				637530EA1B97C55300926E5B /* AlcolatorTests.m in Sources */,
			);
			runOnlyForDeploymentPostprocessing = 0;
		};
/* End PBXSourcesBuildPhase section */

/* Begin PBXTargetDependency section */
		637530E51B97C55300926E5B /* PBXTargetDependency */ = {
			isa = PBXTargetDependency;
			target = 637530C91B97C55300926E5B /* Alcolator */;
			targetProxy = 637530E41B97C55300926E5B /* PBXContainerItemProxy */;
		};
/* End PBXTargetDependency section */

/* Begin PBXVariantGroup section */
		637530D71B97C55300926E5B /* Main.storyboard */ = {
			isa = PBXVariantGroup;
			children = (
				637530D81B97C55300926E5B /* Base */,
			);
			name = Main.storyboard;
			sourceTree = "<group>";
		};
		637530DC1B97C55300926E5B /* LaunchScreen.xib */ = {
			isa = PBXVariantGroup;
			children = (
				637530DD1B97C55300926E5B /* Base */,
			);
			name = LaunchScreen.xib;
			sourceTree = "<group>";
		};
/* End PBXVariantGroup section */

/* Begin XCBuildConfiguration section */
		637530EB1B97C55400926E5B /* Debug */ = {
			isa = XCBuildConfiguration;
			buildSettings = {
				ALWAYS_SEARCH_USER_PATHS = NO;
				CLANG_CXX_LANGUAGE_STANDARD = "gnu++0x";
				CLANG_CXX_LIBRARY = "libc++";
				CLANG_ENABLE_MODULES = YES;
				CLANG_ENABLE_OBJC_ARC = YES;
				CLANG_WARN_BOOL_CONVERSION = YES;
				CLANG_WARN_CONSTANT_CONVERSION = YES;
				CLANG_WARN_DIRECT_OBJC_ISA_USAGE = YES_ERROR;
				CLANG_WARN_EMPTY_BODY = YES;
				CLANG_WARN_ENUM_CONVERSION = YES;
				CLANG_WARN_INT_CONVERSION = YES;
				CLANG_WARN_OBJC_ROOT_CLASS = YES_ERROR;
				CLANG_WARN_UNREACHABLE_CODE = YES;
				CLANG_WARN__DUPLICATE_METHOD_MATCH = YES;
				"CODE_SIGN_IDENTITY[sdk=iphoneos*]" = "iPhone Developer";
				COPY_PHASE_STRIP = NO;
				DEBUG_INFORMATION_FORMAT = "dwarf-with-dsym";
				ENABLE_STRICT_OBJC_MSGSEND = YES;
				GCC_C_LANGUAGE_STANDARD = gnu99;
				GCC_DYNAMIC_NO_PIC = NO;
				GCC_NO_COMMON_BLOCKS = YES;
				GCC_OPTIMIZATION_LEVEL = 0;
				GCC_PREPROCESSOR_DEFINITIONS = (
					"DEBUG=1",
					"$(inherited)",
				);
				GCC_SYMBOLS_PRIVATE_EXTERN = NO;
				GCC_WARN_64_TO_32_BIT_CONVERSION = YES;
				GCC_WARN_ABOUT_RETURN_TYPE = YES_ERROR;
				GCC_WARN_UNDECLARED_SELECTOR = YES;
				GCC_WARN_UNINITIALIZED_AUTOS = YES_AGGRESSIVE;
				GCC_WARN_UNUSED_FUNCTION = YES;
				GCC_WARN_UNUSED_VARIABLE = YES;
				IPHONEOS_DEPLOYMENT_TARGET = 8.4;
				MTL_ENABLE_DEBUG_INFO = YES;
				ONLY_ACTIVE_ARCH = YES;
				SDKROOT = iphoneos;
				TARGETED_DEVICE_FAMILY = "1,2";
			};
			name = Debug;
		};
		637530EC1B97C55400926E5B /* Release */ = {
			isa = XCBuildConfiguration;
			buildSettings = {
				ALWAYS_SEARCH_USER_PATHS = NO;
				CLANG_CXX_LANGUAGE_STANDARD = "gnu++0x";
				CLANG_CXX_LIBRARY = "libc++";
				CLANG_ENABLE_MODULES = YES;
				CLANG_ENABLE_OBJC_ARC = YES;
				CLANG_WARN_BOOL_CONVERSION = YES;
				CLANG_WARN_CONSTANT_CONVERSION = YES;
				CLANG_WARN_DIRECT_OBJC_ISA_USAGE = YES_ERROR;
				CLANG_WARN_EMPTY_BODY = YES;
				CLANG_WARN_ENUM_CONVERSION = YES;
				CLANG_WARN_INT_CONVERSION = YES;
				CLANG_WARN_OBJC_ROOT_CLASS = YES_ERROR;
				CLANG_WARN_UNREACHABLE_CODE = YES;
				CLANG_WARN__DUPLICATE_METHOD_MATCH = YES;
				"CODE_SIGN_IDENTITY[sdk=iphoneos*]" = "iPhone Developer";
				COPY_PHASE_STRIP = NO;
				DEBUG_INFORMATION_FORMAT = "dwarf-with-dsym";
				ENABLE_NS_ASSERTIONS = NO;
				ENABLE_STRICT_OBJC_MSGSEND = YES;
				GCC_C_LANGUAGE_STANDARD = gnu99;
				GCC_NO_COMMON_BLOCKS = YES;
				GCC_WARN_64_TO_32_BIT_CONVERSION = YES;
				GCC_WARN_ABOUT_RETURN_TYPE = YES_ERROR;
				GCC_WARN_UNDECLARED_SELECTOR = YES;
				GCC_WARN_UNINITIALIZED_AUTOS = YES_AGGRESSIVE;
				GCC_WARN_UNUSED_FUNCTION = YES;
				GCC_WARN_UNUSED_VARIABLE = YES;
				IPHONEOS_DEPLOYMENT_TARGET = 8.4;
				MTL_ENABLE_DEBUG_INFO = NO;
				SDKROOT = iphoneos;
				TARGETED_DEVICE_FAMILY = "1,2";
				VALIDATE_PRODUCT = YES;
			};
			name = Release;
		};
		637530EE1B97C55400926E5B /* Debug */ = {
			isa = XCBuildConfiguration;
			buildSettings = {
				ASSETCATALOG_COMPILER_APPICON_NAME = AppIcon;
				INFOPLIST_FILE = Alcolator/Info.plist;
				LD_RUNPATH_SEARCH_PATHS = "$(inherited) @executable_path/Frameworks";
				PRODUCT_NAME = "$(TARGET_NAME)";
			};
			name = Debug;
		};
		637530EF1B97C55400926E5B /* Release */ = {
			isa = XCBuildConfiguration;
			buildSettings = {
				ASSETCATALOG_COMPILER_APPICON_NAME = AppIcon;
				INFOPLIST_FILE = Alcolator/Info.plist;
				LD_RUNPATH_SEARCH_PATHS = "$(inherited) @executable_path/Frameworks";
				PRODUCT_NAME = "$(TARGET_NAME)";
			};
			name = Release;
		};
		637530F11B97C55400926E5B /* Debug */ = {
			isa = XCBuildConfiguration;
			buildSettings = {
				BUNDLE_LOADER = "$(TEST_HOST)";
				FRAMEWORK_SEARCH_PATHS = (
					"$(SDKROOT)/Developer/Library/Frameworks",
					"$(inherited)",
				);
				GCC_PREPROCESSOR_DEFINITIONS = (
					"DEBUG=1",
					"$(inherited)",
				);
				INFOPLIST_FILE = AlcolatorTests/Info.plist;
				LD_RUNPATH_SEARCH_PATHS = "$(inherited) @executable_path/Frameworks @loader_path/Frameworks";
				PRODUCT_NAME = "$(TARGET_NAME)";
				TEST_HOST = "$(BUILT_PRODUCTS_DIR)/Alcolator.app/Alcolator";
			};
			name = Debug;
		};
		637530F21B97C55400926E5B /* Release */ = {
			isa = XCBuildConfiguration;
			buildSettings = {
				BUNDLE_LOADER = "$(TEST_HOST)";
				FRAMEWORK_SEARCH_PATHS = (
					"$(SDKROOT)/Developer/Library/Frameworks",
					"$(inherited)",
				);
				INFOPLIST_FILE = AlcolatorTests/Info.plist;
				LD_RUNPATH_SEARCH_PATHS = "$(inherited) @executable_path/Frameworks @loader_path/Frameworks";
				PRODUCT_NAME = "$(TARGET_NAME)";
				TEST_HOST = "$(BUILT_PRODUCTS_DIR)/Alcolator.app/Alcolator";
			};
			name = Release;
		};
/* End XCBuildConfiguration section */

/* Begin XCConfigurationList section */
		637530C51B97C55300926E5B /* Build configuration list for PBXProject "Alcolator" */ = {
			isa = XCConfigurationList;
			buildConfigurations = (
				637530EB1B97C55400926E5B /* Debug */,
				637530EC1B97C55400926E5B /* Release */,
			);
			defaultConfigurationIsVisible = 0;
			defaultConfigurationName = Release;
		};
		637530ED1B97C55400926E5B /* Build configuration list for PBXNativeTarget "Alcolator" */ = {
			isa = XCConfigurationList;
			buildConfigurations = (
				637530EE1B97C55400926E5B /* Debug */,
				637530EF1B97C55400926E5B /* Release */,
			);
			defaultConfigurationIsVisible = 0;
		};
		637530F01B97C55400926E5B /* Build configuration list for PBXNativeTarget "AlcolatorTests" */ = {
			isa = XCConfigurationList;
			buildConfigurations = (
				637530F11B97C55400926E5B /* Debug */,
				637530F21B97C55400926E5B /* Release */,
			);
			defaultConfigurationIsVisible = 0;
		};
/* End XCConfigurationList section */
	};
	rootObject = 637530C21B97C55300926E5B /* Project object */;
}
